
Microsoft Visual Studio Solution File, Format Version 12.00
Project("{FAE04EC0-301F-11D3-BF4B-00C04F79EFBC}") = "WpfApp5", "WpfApp5\WpfApp5.csproj", "{A6580F44-B1CE-43BE-B26C-471FF596C5C1}"
EndProject
Global
	GlobalSection(SolutionConfigurationPlatforms) = preSolution
		Debug|Any CPU = Debug|Any CPU
		Release|Any CPU = Release|Any CPU
	EndGlobalSection
	GlobalSection(ProjectConfigurationPlatforms) = postSolution
		{A6580F44-B1CE-43BE-B26C-471FF596C5C1}.Debug|Any CPU.ActiveCfg = Debug|Any CPU
		{A6580F44-B1CE-43BE-B26C-471FF596C5C1}.Debug|Any CPU.Build.0 = Debug|Any CPU
		{A6580F44-B1CE-43BE-B26C-471FF596C5C1}.Release|Any CPU.ActiveCfg = Release|Any CPU
		{A6580F44-B1CE-43BE-B26C-471FF596C5C1}.Release|Any CPU.Build.0 = Release|Any CPU
	EndGlobalSection
EndGlobal
